
Microsoft Visual Studio Solution File, Format Version 12.00
# Visual Studio Version 17
VisualStudioVersion = 17.1.32328.378
MinimumVisualStudioVersion = 10.0.40219.1
Project("{FAE04EC0-301F-11D3-BF4B-00C04F79EFBC}") = "RecipeApp", "RecipeApp\RecipeApp.csproj", "{EE8260D9-8A05-4D1B-B6D7-FA21E747C5DB}"
EndProject
Global
	GlobalSection(SolutionConfigurationPlatforms) = preSolution
		Debug|Any CPU = Debug|Any CPU
		Release|Any CPU = Release|Any CPU
	EndGlobalSection
	GlobalSection(ProjectConfigurationPlatforms) = postSolution
		{EE8260D9-8A05-4D1B-B6D7-FA21E747C5DB}.Debug|Any CPU.ActiveCfg = Debug|Any CPU
		{EE8260D9-8A05-4D1B-B6D7-FA21E747C5DB}.Debug|Any CPU.Build.0 = Debug|Any CPU
		{EE8260D9-8A05-4D1B-B6D7-FA21E747C5DB}.Release|Any CPU.ActiveCfg = Release|Any CPU
		{EE8260D9-8A05-4D1B-B6D7-FA21E747C5DB}.Release|Any CPU.Build.0 = Release|Any CPU
	EndGlobalSection
	GlobalSection(SolutionProperties) = preSolution
		HideSolutionNode = FALSE
	EndGlobalSection
	GlobalSection(ExtensibilityGlobals) = postSolution
		SolutionGuid = {B8276135-F35D-4307-9815-2D69B8BCAC44}
	EndGlobalSection
EndGlobal
